// !$*UTF8*$!
{
	archiveVersion = 1;
	classes = {
	};
	objectVersion = 56;
	objects = {

/* Begin PBXBuildFile section */
		6E30096D2B7EA05B002648B8 /* DSPokemon in Frameworks */ = {isa = PBXBuildFile; productRef = 6E30096C2B7EA05B002648B8 /* DSPokemon */; };
		6EFB402F2B7E9D88006206F0 /* DSPokemonExampleApp.swift in Sources */ = {isa = PBXBuildFile; fileRef = 6EFB402E2B7E9D88006206F0 /* DSPokemonExampleApp.swift */; };
		6EFB40312B7E9D88006206F0 /* ContentView.swift in Sources */ = {isa = PBXBuildFile; fileRef = 6EFB40302B7E9D88006206F0 /* ContentView.swift */; };
		6EFB40332B7E9D8A006206F0 /* Assets.xcassets in Resources */ = {isa = PBXBuildFile; fileRef = 6EFB40322B7E9D8A006206F0 /* Assets.xcassets */; };
		6EFB40372B7E9D8A006206F0 /* Preview Assets.xcassets in Resources */ = {isa = PBXBuildFile; fileRef = 6EFB40362B7E9D8A006206F0 /* Preview Assets.xcassets */; };
		6EFB40412B7E9D8A006206F0 /* DSPokemonExampleTests.swift in Sources */ = {isa = PBXBuildFile; fileRef = 6EFB40402B7E9D8A006206F0 /* DSPokemonExampleTests.swift */; };
		6EFB404B2B7E9D8A006206F0 /* DSPokemonExampleUITests.swift in Sources */ = {isa = PBXBuildFile; fileRef = 6EFB404A2B7E9D8A006206F0 /* DSPokemonExampleUITests.swift */; };
		6EFB404D2B7E9D8A006206F0 /* DSPokemonExampleUITestsLaunchTests.swift in Sources */ = {isa = PBXBuildFile; fileRef = 6EFB404C2B7E9D8A006206F0 /* DSPokemonExampleUITestsLaunchTests.swift */; };
/* End PBXBuildFile section */

/* Begin PBXContainerItemProxy section */
		6EFB403D2B7E9D8A006206F0 /* PBXContainerItemProxy */ = {
			isa = PBXContainerItemProxy;
			containerPortal = 6EFB40232B7E9D88006206F0 /* Project object */;
			proxyType = 1;
			remoteGlobalIDString = 6EFB402A2B7E9D88006206F0;
			remoteInfo = DSPokemonExample;
		};
		6EFB40472B7E9D8A006206F0 /* PBXContainerItemProxy */ = {
			isa = PBXContainerItemProxy;
			containerPortal = 6EFB40232B7E9D88006206F0 /* Project object */;
			proxyType = 1;
			remoteGlobalIDString = 6EFB402A2B7E9D88006206F0;
			remoteInfo = DSPokemonExample;
		};
/* End PBXContainerItemProxy section */

/* Begin PBXFileReference section */
		6EFB402B2B7E9D88006206F0 /* DSPokemonExample.app */ = {isa = PBXFileReference; explicitFileType = wrapper.application; includeInIndex = 0; path = DSPokemonExample.app; sourceTree = BUILT_PRODUCTS_DIR; };
		6EFB402E2B7E9D88006206F0 /* DSPokemonExampleApp.swift */ = {isa = PBXFileReference; lastKnownFileType = sourcecode.swift; path = DSPokemonExampleApp.swift; sourceTree = "<group>"; };
		6EFB40302B7E9D88006206F0 /* ContentView.swift */ = {isa = PBXFileReference; lastKnownFileType = sourcecode.swift; path = ContentView.swift; sourceTree = "<group>"; };
		6EFB40322B7E9D8A006206F0 /* Assets.xcassets */ = {isa = PBXFileReference; lastKnownFileType = folder.assetcatalog; path = Assets.xcassets; sourceTree = "<group>"; };
		6EFB40342B7E9D8A006206F0 /* DSPokemonExample.entitlements */ = {isa = PBXFileReference; lastKnownFileType = text.plist.entitlements; path = DSPokemonExample.entitlements; sourceTree = "<group>"; };
		6EFB40362B7E9D8A006206F0 /* Preview Assets.xcassets */ = {isa = PBXFileReference; lastKnownFileType = folder.assetcatalog; path = "Preview Assets.xcassets"; sourceTree = "<group>"; };
		6EFB403C2B7E9D8A006206F0 /* DSPokemonExampleTests.xctest */ = {isa = PBXFileReference; explicitFileType = wrapper.cfbundle; includeInIndex = 0; path = DSPokemonExampleTests.xctest; sourceTree = BUILT_PRODUCTS_DIR; };
		6EFB40402B7E9D8A006206F0 /* DSPokemonExampleTests.swift */ = {isa = PBXFileReference; lastKnownFileType = sourcecode.swift; path = DSPokemonExampleTests.swift; sourceTree = "<group>"; };
		6EFB40462B7E9D8A006206F0 /* DSPokemonExampleUITests.xctest */ = {isa = PBXFileReference; explicitFileType = wrapper.cfbundle; includeInIndex = 0; path = DSPokemonExampleUITests.xctest; sourceTree = BUILT_PRODUCTS_DIR; };
		6EFB404A2B7E9D8A006206F0 /* DSPokemonExampleUITests.swift */ = {isa = PBXFileReference; lastKnownFileType = sourcecode.swift; path = DSPokemonExampleUITests.swift; sourceTree = "<group>"; };
		6EFB404C2B7E9D8A006206F0 /* DSPokemonExampleUITestsLaunchTests.swift */ = {isa = PBXFileReference; lastKnownFileType = sourcecode.swift; path = DSPokemonExampleUITestsLaunchTests.swift; sourceTree = "<group>"; };
/* End PBXFileReference section */

/* Begin PBXFrameworksBuildPhase section */
		6EFB40282B7E9D88006206F0 /* Frameworks */ = {
			isa = PBXFrameworksBuildPhase;
			buildActionMask = 2147483647;
			files = (
				6E30096D2B7EA05B002648B8 /* DSPokemon in Frameworks */,
			);
			runOnlyForDeploymentPostprocessing = 0;
		};
		6EFB40392B7E9D8A006206F0 /* Frameworks */ = {
			isa = PBXFrameworksBuildPhase;
			buildActionMask = 2147483647;
			files = (
			);
			runOnlyForDeploymentPostprocessing = 0;
		};
		6EFB40432B7E9D8A006206F0 /* Frameworks */ = {
			isa = PBXFrameworksBuildPhase;
			buildActionMask = 2147483647;
			files = (
			);
			runOnlyForDeploymentPostprocessing = 0;
		};
/* End PBXFrameworksBuildPhase section */

/* Begin PBXGroup section */
		6E30096B2B7EA05B002648B8 /* Frameworks */ = {
			isa = PBXGroup;
			children = (
			);
			name = Frameworks;
			sourceTree = "<group>";
		};
		6EFB40222B7E9D88006206F0 = {
			isa = PBXGroup;
			children = (
				6EFB402D2B7E9D88006206F0 /* DSPokemonExample */,
				6EFB403F2B7E9D8A006206F0 /* DSPokemonExampleTests */,
				6EFB40492B7E9D8A006206F0 /* DSPokemonExampleUITests */,
				6EFB402C2B7E9D88006206F0 /* Products */,
				6E30096B2B7EA05B002648B8 /* Frameworks */,
			);
			sourceTree = "<group>";
		};
		6EFB402C2B7E9D88006206F0 /* Products */ = {
			isa = PBXGroup;
			children = (
				6EFB402B2B7E9D88006206F0 /* DSPokemonExample.app */,
				6EFB403C2B7E9D8A006206F0 /* DSPokemonExampleTests.xctest */,
				6EFB40462B7E9D8A006206F0 /* DSPokemonExampleUITests.xctest */,
			);
			name = Products;
			sourceTree = "<group>";
		};
		6EFB402D2B7E9D88006206F0 /* DSPokemonExample */ = {
			isa = PBXGroup;
			children = (
				6EFB402E2B7E9D88006206F0 /* DSPokemonExampleApp.swift */,
				6EFB40302B7E9D88006206F0 /* ContentView.swift */,
				6EFB40322B7E9D8A006206F0 /* Assets.xcassets */,
				6EFB40342B7E9D8A006206F0 /* DSPokemonExample.entitlements */,
				6EFB40352B7E9D8A006206F0 /* Preview Content */,
			);
			path = DSPokemonExample;
			sourceTree = "<group>";
		};
		6EFB40352B7E9D8A006206F0 /* Preview Content */ = {
			isa = PBXGroup;
			children = (
				6EFB40362B7E9D8A006206F0 /* Preview Assets.xcassets */,
			);
			path = "Preview Content";
			sourceTree = "<group>";
		};
		6EFB403F2B7E9D8A006206F0 /* DSPokemonExampleTests */ = {
			isa = PBXGroup;
			children = (
				6EFB40402B7E9D8A006206F0 /* DSPokemonExampleTests.swift */,
			);
			path = DSPokemonExampleTests;
			sourceTree = "<group>";
		};
		6EFB40492B7E9D8A006206F0 /* DSPokemonExampleUITests */ = {
			isa = PBXGroup;
			children = (
				6EFB404A2B7E9D8A006206F0 /* DSPokemonExampleUITests.swift */,
				6EFB404C2B7E9D8A006206F0 /* DSPokemonExampleUITestsLaunchTests.swift */,
			);
			path = DSPokemonExampleUITests;
			sourceTree = "<group>";
		};
/* End PBXGroup section */

/* Begin PBXNativeTarget section */
		6EFB402A2B7E9D88006206F0 /* DSPokemonExample */ = {
			isa = PBXNativeTarget;
			buildConfigurationList = 6EFB40502B7E9D8A006206F0 /* Build configuration list for PBXNativeTarget "DSPokemonExample" */;
			buildPhases = (
				6EFB40272B7E9D88006206F0 /* Sources */,
				6EFB40282B7E9D88006206F0 /* Frameworks */,
				6EFB40292B7E9D88006206F0 /* Resources */,
			);
			buildRules = (
			);
			dependencies = (
			);
			name = DSPokemonExample;
			packageProductDependencies = (
				6E30096C2B7EA05B002648B8 /* DSPokemon */,
			);
			productName = DSPokemonExample;
			productReference = 6EFB402B2B7E9D88006206F0 /* DSPokemonExample.app */;
			productType = "com.apple.product-type.application";
		};
		6EFB403B2B7E9D8A006206F0 /* DSPokemonExampleTests */ = {
			isa = PBXNativeTarget;
			buildConfigurationList = 6EFB40532B7E9D8A006206F0 /* Build configuration list for PBXNativeTarget "DSPokemonExampleTests" */;
			buildPhases = (
				6EFB40382B7E9D8A006206F0 /* Sources */,
				6EFB40392B7E9D8A006206F0 /* Frameworks */,
				6EFB403A2B7E9D8A006206F0 /* Resources */,
			);
			buildRules = (
			);
			dependencies = (
				6EFB403E2B7E9D8A006206F0 /* PBXTargetDependency */,
			);
			name = DSPokemonExampleTests;
			productName = DSPokemonExampleTests;
			productReference = 6EFB403C2B7E9D8A006206F0 /* DSPokemonExampleTests.xctest */;
			productType = "com.apple.product-type.bundle.unit-test";
		};
		6EFB40452B7E9D8A006206F0 /* DSPokemonExampleUITests */ = {
			isa = PBXNativeTarget;
			buildConfigurationList = 6EFB40562B7E9D8A006206F0 /* Build configuration list for PBXNativeTarget "DSPokemonExampleUITests" */;
			buildPhases = (
				6EFB40422B7E9D8A006206F0 /* Sources */,
				6EFB40432B7E9D8A006206F0 /* Frameworks */,
				6EFB40442B7E9D8A006206F0 /* Resources */,
			);
			buildRules = (
			);
			dependencies = (
				6EFB40482B7E9D8A006206F0 /* PBXTargetDependency */,
			);
			name = DSPokemonExampleUITests;
			productName = DSPokemonExampleUITests;
			productReference = 6EFB40462B7E9D8A006206F0 /* DSPokemonExampleUITests.xctest */;
			productType = "com.apple.product-type.bundle.ui-testing";
		};
/* End PBXNativeTarget section */

/* Begin PBXProject section */
		6EFB40232B7E9D88006206F0 /* Project object */ = {
			isa = PBXProject;
			attributes = {
				BuildIndependentTargetsInParallel = 1;
				LastSwiftUpdateCheck = 1520;
				LastUpgradeCheck = 1520;
				TargetAttributes = {
					6EFB402A2B7E9D88006206F0 = {
						CreatedOnToolsVersion = 15.2;
					};
					6EFB403B2B7E9D8A006206F0 = {
						CreatedOnToolsVersion = 15.2;
						TestTargetID = 6EFB402A2B7E9D88006206F0;
					};
					6EFB40452B7E9D8A006206F0 = {
						CreatedOnToolsVersion = 15.2;
						TestTargetID = 6EFB402A2B7E9D88006206F0;
					};
				};
			};
			buildConfigurationList = 6EFB40262B7E9D88006206F0 /* Build configuration list for PBXProject "DSPokemonExample" */;
			compatibilityVersion = "Xcode 14.0";
			developmentRegion = en;
			hasScannedForEncodings = 0;
			knownRegions = (
				en,
				Base,
			);
			mainGroup = 6EFB40222B7E9D88006206F0;
			productRefGroup = 6EFB402C2B7E9D88006206F0 /* Products */;
			projectDirPath = "";
			projectRoot = "";
			targets = (
				6EFB402A2B7E9D88006206F0 /* DSPokemonExample */,
				6EFB403B2B7E9D8A006206F0 /* DSPokemonExampleTests */,
				6EFB40452B7E9D8A006206F0 /* DSPokemonExampleUITests */,
			);
		};
/* End PBXProject section */

/* Begin PBXResourcesBuildPhase section */
		6EFB40292B7E9D88006206F0 /* Resources */ = {
			isa = PBXResourcesBuildPhase;
			buildActionMask = 2147483647;
			files = (
				6EFB40372B7E9D8A006206F0 /* Preview Assets.xcassets in Resources */,
				6EFB40332B7E9D8A006206F0 /* Assets.xcassets in Resources */,
			);
			runOnlyForDeploymentPostprocessing = 0;
		};
		6EFB403A2B7E9D8A006206F0 /* Resources */ = {
			isa = PBXResourcesBuildPhase;
			buildActionMask = 2147483647;
			files = (
			);
			runOnlyForDeploymentPostprocessing = 0;
		};
		6EFB40442B7E9D8A006206F0 /* Resources */ = {
			isa = PBXResourcesBuildPhase;
			buildActionMask = 2147483647;
			files = (
			);
			runOnlyForDeploymentPostprocessing = 0;
		};
/* End PBXResourcesBuildPhase section */

/* Begin PBXSourcesBuildPhase section */
		6EFB40272B7E9D88006206F0 /* Sources */ = {
			isa = PBXSourcesBuildPhase;
			buildActionMask = 2147483647;
			files = (
				6EFB40312B7E9D88006206F0 /* ContentView.swift in Sources */,
				6EFB402F2B7E9D88006206F0 /* DSPokemonExampleApp.swift in Sources */,
			);
			runOnlyForDeploymentPostprocessing = 0;
		};
		6EFB40382B7E9D8A006206F0 /* Sources */ = {
			isa = PBXSourcesBuildPhase;
			buildActionMask = 2147483647;
			files = (
				6EFB40412B7E9D8A006206F0 /* DSPokemonExampleTests.swift in Sources */,
			);
			runOnlyForDeploymentPostprocessing = 0;
		};
		6EFB40422B7E9D8A006206F0 /* Sources */ = {
			isa = PBXSourcesBuildPhase;
			buildActionMask = 2147483647;
			files = (
				6EFB404D2B7E9D8A006206F0 /* DSPokemonExampleUITestsLaunchTests.swift in Sources */,
				6EFB404B2B7E9D8A006206F0 /* DSPokemonExampleUITests.swift in Sources */,
			);
			runOnlyForDeploymentPostprocessing = 0;
		};
/* End PBXSourcesBuildPhase section */

/* Begin PBXTargetDependency section */
		6EFB403E2B7E9D8A006206F0 /* PBXTargetDependency */ = {
			isa = PBXTargetDependency;
			target = 6EFB402A2B7E9D88006206F0 /* DSPokemonExample */;
			targetProxy = 6EFB403D2B7E9D8A006206F0 /* PBXContainerItemProxy */;
		};
		6EFB40482B7E9D8A006206F0 /* PBXTargetDependency */ = {
			isa = PBXTargetDependency;
			target = 6EFB402A2B7E9D88006206F0 /* DSPokemonExample */;
			targetProxy = 6EFB40472B7E9D8A006206F0 /* PBXContainerItemProxy */;
		};
/* End PBXTargetDependency section */

/* Begin XCBuildConfiguration section */
		6EFB404E2B7E9D8A006206F0 /* Debug */ = {
			isa = XCBuildConfiguration;
			buildSettings = {
				ALWAYS_SEARCH_USER_PATHS = NO;
				ASSETCATALOG_COMPILER_GENERATE_SWIFT_ASSET_SYMBOL_EXTENSIONS = YES;
				CLANG_ANALYZER_NONNULL = YES;
				CLANG_ANALYZER_NUMBER_OBJECT_CONVERSION = YES_AGGRESSIVE;
				CLANG_CXX_LANGUAGE_STANDARD = "gnu++20";
				CLANG_ENABLE_MODULES = YES;
				CLANG_ENABLE_OBJC_ARC = YES;
				CLANG_ENABLE_OBJC_WEAK = YES;
				CLANG_WARN_BLOCK_CAPTURE_AUTORELEASING = YES;
				CLANG_WARN_BOOL_CONVERSION = YES;
				CLANG_WARN_COMMA = YES;
				CLANG_WARN_CONSTANT_CONVERSION = YES;
				CLANG_WARN_DEPRECATED_OBJC_IMPLEMENTATIONS = YES;
				CLANG_WARN_DIRECT_OBJC_ISA_USAGE = YES_ERROR;
				CLANG_WARN_DOCUMENTATION_COMMENTS = YES;
				CLANG_WARN_EMPTY_BODY = YES;
				CLANG_WARN_ENUM_CONVERSION = YES;
				CLANG_WARN_INFINITE_RECURSION = YES;
				CLANG_WARN_INT_CONVERSION = YES;
				CLANG_WARN_NON_LITERAL_NULL_CONVERSION = YES;
				CLANG_WARN_OBJC_IMPLICIT_RETAIN_SELF = YES;
				CLANG_WARN_OBJC_LITERAL_CONVERSION = YES;
				CLANG_WARN_OBJC_ROOT_CLASS = YES_ERROR;
				CLANG_WARN_QUOTED_INCLUDE_IN_FRAMEWORK_HEADER = YES;
				CLANG_WARN_RANGE_LOOP_ANALYSIS = YES;
				CLANG_WARN_STRICT_PROTOTYPES = YES;
				CLANG_WARN_SUSPICIOUS_MOVE = YES;
				CLANG_WARN_UNGUARDED_AVAILABILITY = YES_AGGRESSIVE;
				CLANG_WARN_UNREACHABLE_CODE = YES;
				CLANG_WARN__DUPLICATE_METHOD_MATCH = YES;
				COPY_PHASE_STRIP = NO;
				DEBUG_INFORMATION_FORMAT = dwarf;
				ENABLE_STRICT_OBJC_MSGSEND = YES;
				ENABLE_TESTABILITY = YES;
				ENABLE_USER_SCRIPT_SANDBOXING = YES;
				GCC_C_LANGUAGE_STANDARD = gnu17;
				GCC_DYNAMIC_NO_PIC = NO;
				GCC_NO_COMMON_BLOCKS = YES;
				GCC_OPTIMIZATION_LEVEL = 0;
				GCC_PREPROCESSOR_DEFINITIONS = (
					"DEBUG=1",
					"$(inherited)",
				);
				GCC_WARN_64_TO_32_BIT_CONVERSION = YES;
				GCC_WARN_ABOUT_RETURN_TYPE = YES_ERROR;
				GCC_WARN_UNDECLARED_SELECTOR = YES;
				GCC_WARN_UNINITIALIZED_AUTOS = YES_AGGRESSIVE;
				GCC_WARN_UNUSED_FUNCTION = YES;
				GCC_WARN_UNUSED_VARIABLE = YES;
				LOCALIZATION_PREFERS_STRING_CATALOGS = YES;
				MTL_ENABLE_DEBUG_INFO = INCLUDE_SOURCE;
				MTL_FAST_MATH = YES;
				ONLY_ACTIVE_ARCH = YES;
				SWIFT_ACTIVE_COMPILATION_CONDITIONS = "DEBUG $(inherited)";
				SWIFT_OPTIMIZATION_LEVEL = "-Onone";
			};
			name = Debug;
		};
		6EFB404F2B7E9D8A006206F0 /* Release */ = {
			isa = XCBuildConfiguration;
			buildSettings = {
				ALWAYS_SEARCH_USER_PATHS = NO;
				ASSETCATALOG_COMPILER_GENERATE_SWIFT_ASSET_SYMBOL_EXTENSIONS = YES;
				CLANG_ANALYZER_NONNULL = YES;
				CLANG_ANALYZER_NUMBER_OBJECT_CONVERSION = YES_AGGRESSIVE;
				CLANG_CXX_LANGUAGE_STANDARD = "gnu++20";
				CLANG_ENABLE_MODULES = YES;
				CLANG_ENABLE_OBJC_ARC = YES;
				CLANG_ENABLE_OBJC_WEAK = YES;
				CLANG_WARN_BLOCK_CAPTURE_AUTORELEASING = YES;
				CLANG_WARN_BOOL_CONVERSION = YES;
				CLANG_WARN_COMMA = YES;
				CLANG_WARN_CONSTANT_CONVERSION = YES;
				CLANG_WARN_DEPRECATED_OBJC_IMPLEMENTATIONS = YES;
				CLANG_WARN_DIRECT_OBJC_ISA_USAGE = YES_ERROR;
				CLANG_WARN_DOCUMENTATION_COMMENTS = YES;
				CLANG_WARN_EMPTY_BODY = YES;
				CLANG_WARN_ENUM_CONVERSION = YES;
				CLANG_WARN_INFINITE_RECURSION = YES;
				CLANG_WARN_INT_CONVERSION = YES;
				CLANG_WARN_NON_LITERAL_NULL_CONVERSION = YES;
				CLANG_WARN_OBJC_IMPLICIT_RETAIN_SELF = YES;
				CLANG_WARN_OBJC_LITERAL_CONVERSION = YES;
				CLANG_WARN_OBJC_ROOT_CLASS = YES_ERROR;
				CLANG_WARN_QUOTED_INCLUDE_IN_FRAMEWORK_HEADER = YES;
				CLANG_WARN_RANGE_LOOP_ANALYSIS = YES;
				CLANG_WARN_STRICT_PROTOTYPES = YES;
				CLANG_WARN_SUSPICIOUS_MOVE = YES;
				CLANG_WARN_UNGUARDED_AVAILABILITY = YES_AGGRESSIVE;
				CLANG_WARN_UNREACHABLE_CODE = YES;
				CLANG_WARN__DUPLICATE_METHOD_MATCH = YES;
				COPY_PHASE_STRIP = NO;
				DEBUG_INFORMATION_FORMAT = "dwarf-with-dsym";
				ENABLE_NS_ASSERTIONS = NO;
				ENABLE_STRICT_OBJC_MSGSEND = YES;
				ENABLE_USER_SCRIPT_SANDBOXING = YES;
				GCC_C_LANGUAGE_STANDARD = gnu17;
				GCC_NO_COMMON_BLOCKS = YES;
				GCC_WARN_64_TO_32_BIT_CONVERSION = YES;
				GCC_WARN_ABOUT_RETURN_TYPE = YES_ERROR;
				GCC_WARN_UNDECLARED_SELECTOR = YES;
				GCC_WARN_UNINITIALIZED_AUTOS = YES_AGGRESSIVE;
				GCC_WARN_UNUSED_FUNCTION = YES;
				GCC_WARN_UNUSED_VARIABLE = YES;
				LOCALIZATION_PREFERS_STRING_CATALOGS = YES;
				MTL_ENABLE_DEBUG_INFO = NO;
				MTL_FAST_MATH = YES;
				SWIFT_COMPILATION_MODE = wholemodule;
			};
			name = Release;
		};
		6EFB40512B7E9D8A006206F0 /* Debug */ = {
			isa = XCBuildConfiguration;
			buildSettings = {
				ASSETCATALOG_COMPILER_APPICON_NAME = AppIcon;
				ASSETCATALOG_COMPILER_GLOBAL_ACCENT_COLOR_NAME = AccentColor;
				CODE_SIGN_ENTITLEMENTS = DSPokemonExample/DSPokemonExample.entitlements;
				CODE_SIGN_STYLE = Automatic;
				CURRENT_PROJECT_VERSION = 1;
				DEVELOPMENT_ASSET_PATHS = "\"DSPokemonExample/Preview Content\"";
				DEVELOPMENT_TEAM = YXS85H2W5K;
				ENABLE_HARDENED_RUNTIME = YES;
				ENABLE_PREVIEWS = YES;
				GENERATE_INFOPLIST_FILE = YES;
				"INFOPLIST_KEY_UIApplicationSceneManifest_Generation[sdk=iphoneos*]" = YES;
				"INFOPLIST_KEY_UIApplicationSceneManifest_Generation[sdk=iphonesimulator*]" = YES;
				"INFOPLIST_KEY_UIApplicationSupportsIndirectInputEvents[sdk=iphoneos*]" = YES;
				"INFOPLIST_KEY_UIApplicationSupportsIndirectInputEvents[sdk=iphonesimulator*]" = YES;
				"INFOPLIST_KEY_UILaunchScreen_Generation[sdk=iphoneos*]" = YES;
				"INFOPLIST_KEY_UILaunchScreen_Generation[sdk=iphonesimulator*]" = YES;
				"INFOPLIST_KEY_UIStatusBarStyle[sdk=iphoneos*]" = UIStatusBarStyleDefault;
				"INFOPLIST_KEY_UIStatusBarStyle[sdk=iphonesimulator*]" = UIStatusBarStyleDefault;
				INFOPLIST_KEY_UISupportedInterfaceOrientations_iPad = "UIInterfaceOrientationPortrait UIInterfaceOrientationPortraitUpsideDown UIInterfaceOrientationLandscapeLeft UIInterfaceOrientationLandscapeRight";
				INFOPLIST_KEY_UISupportedInterfaceOrientations_iPhone = "UIInterfaceOrientationPortrait UIInterfaceOrientationLandscapeLeft UIInterfaceOrientationLandscapeRight";
				IPHONEOS_DEPLOYMENT_TARGET = 17.2;
				LD_RUNPATH_SEARCH_PATHS = "@executable_path/Frameworks";
				"LD_RUNPATH_SEARCH_PATHS[sdk=macosx*]" = "@executable_path/../Frameworks";
				MACOSX_DEPLOYMENT_TARGET = 14.2;
				MARKETING_VERSION = 1.0;
				PRODUCT_BUNDLE_IDENTIFIER = com.luisgustavo.DSPokemonExample;
				PRODUCT_NAME = "$(TARGET_NAME)";
				SDKROOT = auto;
				SUPPORTED_PLATFORMS = "iphoneos iphonesimulator macosx";
				SWIFT_EMIT_LOC_STRINGS = YES;
				SWIFT_VERSION = 5.0;
				TARGETED_DEVICE_FAMILY = "1,2";
			};
			name = Debug;
		};
		6EFB40522B7E9D8A006206F0 /* Release */ = {
			isa = XCBuildConfiguration;
			buildSettings = {
				ASSETCATALOG_COMPILER_APPICON_NAME = AppIcon;
				ASSETCATALOG_COMPILER_GLOBAL_ACCENT_COLOR_NAME = AccentColor;
				CODE_SIGN_ENTITLEMENTS = DSPokemonExample/DSPokemonExample.entitlements;
				CODE_SIGN_STYLE = Automatic;
				CURRENT_PROJECT_VERSION = 1;
				DEVELOPMENT_ASSET_PATHS = "\"DSPokemonExample/Preview Content\"";
				DEVELOPMENT_TEAM = YXS85H2W5K;
				ENABLE_HARDENED_RUNTIME = YES;
				ENABLE_PREVIEWS = YES;
				GENERATE_INFOPLIST_FILE = YES;
				"INFOPLIST_KEY_UIApplicationSceneManifest_Generation[sdk=iphoneos*]" = YES;
				"INFOPLIST_KEY_UIApplicationSceneManifest_Generation[sdk=iphonesimulator*]" = YES;
				"INFOPLIST_KEY_UIApplicationSupportsIndirectInputEvents[sdk=iphoneos*]" = YES;
				"INFOPLIST_KEY_UIApplicationSupportsIndirectInputEvents[sdk=iphonesimulator*]" = YES;
				"INFOPLIST_KEY_UILaunchScreen_Generation[sdk=iphoneos*]" = YES;
				"INFOPLIST_KEY_UILaunchScreen_Generation[sdk=iphonesimulator*]" = YES;
				"INFOPLIST_KEY_UIStatusBarStyle[sdk=iphoneos*]" = UIStatusBarStyleDefault;
				"INFOPLIST_KEY_UIStatusBarStyle[sdk=iphonesimulator*]" = UIStatusBarStyleDefault;
				INFOPLIST_KEY_UISupportedInterfaceOrientations_iPad = "UIInterfaceOrientationPortrait UIInterfaceOrientationPortraitUpsideDown UIInterfaceOrientationLandscapeLeft UIInterfaceOrientationLandscapeRight";
				INFOPLIST_KEY_UISupportedInterfaceOrientations_iPhone = "UIInterfaceOrientationPortrait UIInterfaceOrientationLandscapeLeft UIInterfaceOrientationLandscapeRight";
				IPHONEOS_DEPLOYMENT_TARGET = 17.2;
				LD_RUNPATH_SEARCH_PATHS = "@executable_path/Frameworks";
				"LD_RUNPATH_SEARCH_PATHS[sdk=macosx*]" = "@executable_path/../Frameworks";
				MACOSX_DEPLOYMENT_TARGET = 14.2;
				MARKETING_VERSION = 1.0;
				PRODUCT_BUNDLE_IDENTIFIER = com.luisgustavo.DSPokemonExample;
				PRODUCT_NAME = "$(TARGET_NAME)";
				SDKROOT = auto;
				SUPPORTED_PLATFORMS = "iphoneos iphonesimulator macosx";
				SWIFT_EMIT_LOC_STRINGS = YES;
				SWIFT_VERSION = 5.0;
				TARGETED_DEVICE_FAMILY = "1,2";
			};
			name = Release;
		};
		6EFB40542B7E9D8A006206F0 /* Debug */ = {
			isa = XCBuildConfiguration;
			buildSettings = {
				ALWAYS_EMBED_SWIFT_STANDARD_LIBRARIES = YES;
				BUNDLE_LOADER = "$(TEST_HOST)";
				CODE_SIGN_STYLE = Automatic;
				CURRENT_PROJECT_VERSION = 1;
				DEVELOPMENT_TEAM = YXS85H2W5K;
				GENERATE_INFOPLIST_FILE = YES;
				IPHONEOS_DEPLOYMENT_TARGET = 17.2;
				MACOSX_DEPLOYMENT_TARGET = 14.2;
				MARKETING_VERSION = 1.0;
				PRODUCT_BUNDLE_IDENTIFIER = com.luisgustavo.DSPokemonExampleTests;
				PRODUCT_NAME = "$(TARGET_NAME)";
				SDKROOT = auto;
				SUPPORTED_PLATFORMS = "iphoneos iphonesimulator macosx";
				SWIFT_EMIT_LOC_STRINGS = NO;
				SWIFT_VERSION = 5.0;
				TARGETED_DEVICE_FAMILY = "1,2";
				TEST_HOST = "$(BUILT_PRODUCTS_DIR)/DSPokemonExample.app/$(BUNDLE_EXECUTABLE_FOLDER_PATH)/DSPokemonExample";
			};
			name = Debug;
		};
		6EFB40552B7E9D8A006206F0 /* Release */ = {
			isa = XCBuildConfiguration;
			buildSettings = {
				ALWAYS_EMBED_SWIFT_STANDARD_LIBRARIES = YES;
				BUNDLE_LOADER = "$(TEST_HOST)";
				CODE_SIGN_STYLE = Automatic;
				CURRENT_PROJECT_VERSION = 1;
				DEVELOPMENT_TEAM = YXS85H2W5K;
				GENERATE_INFOPLIST_FILE = YES;
				IPHONEOS_DEPLOYMENT_TARGET = 17.2;
				MACOSX_DEPLOYMENT_TARGET = 14.2;
				MARKETING_VERSION = 1.0;
				PRODUCT_BUNDLE_IDENTIFIER = com.luisgustavo.DSPokemonExampleTests;
				PRODUCT_NAME = "$(TARGET_NAME)";
				SDKROOT = auto;
				SUPPORTED_PLATFORMS = "iphoneos iphonesimulator macosx";
				SWIFT_EMIT_LOC_STRINGS = NO;
				SWIFT_VERSION = 5.0;
				TARGETED_DEVICE_FAMILY = "1,2";
				TEST_HOST = "$(BUILT_PRODUCTS_DIR)/DSPokemonExample.app/$(BUNDLE_EXECUTABLE_FOLDER_PATH)/DSPokemonExample";
			};
			name = Release;
		};
		6EFB40572B7E9D8A006206F0 /* Debug */ = {
			isa = XCBuildConfiguration;
			buildSettings = {
				ALWAYS_EMBED_SWIFT_STANDARD_LIBRARIES = YES;
				CODE_SIGN_STYLE = Automatic;
				CURRENT_PROJECT_VERSION = 1;
				DEVELOPMENT_TEAM = YXS85H2W5K;
				GENERATE_INFOPLIST_FILE = YES;
				IPHONEOS_DEPLOYMENT_TARGET = 17.2;
				MACOSX_DEPLOYMENT_TARGET = 14.2;
				MARKETING_VERSION = 1.0;
				PRODUCT_BUNDLE_IDENTIFIER = com.luisgustavo.DSPokemonExampleUITests;
				PRODUCT_NAME = "$(TARGET_NAME)";
				SDKROOT = auto;
				SUPPORTED_PLATFORMS = "iphoneos iphonesimulator macosx";
				SWIFT_EMIT_LOC_STRINGS = NO;
				SWIFT_VERSION = 5.0;
				TARGETED_DEVICE_FAMILY = "1,2";
				TEST_TARGET_NAME = DSPokemonExample;
			};
			name = Debug;
		};
		6EFB40582B7E9D8A006206F0 /* Release */ = {
			isa = XCBuildConfiguration;
			buildSettings = {
				ALWAYS_EMBED_SWIFT_STANDARD_LIBRARIES = YES;
				CODE_SIGN_STYLE = Automatic;
				CURRENT_PROJECT_VERSION = 1;
				DEVELOPMENT_TEAM = YXS85H2W5K;
				GENERATE_INFOPLIST_FILE = YES;
				IPHONEOS_DEPLOYMENT_TARGET = 17.2;
				MACOSX_DEPLOYMENT_TARGET = 14.2;
				MARKETING_VERSION = 1.0;
				PRODUCT_BUNDLE_IDENTIFIER = com.luisgustavo.DSPokemonExampleUITests;
				PRODUCT_NAME = "$(TARGET_NAME)";
				SDKROOT = auto;
				SUPPORTED_PLATFORMS = "iphoneos iphonesimulator macosx";
				SWIFT_EMIT_LOC_STRINGS = NO;
				SWIFT_VERSION = 5.0;
				TARGETED_DEVICE_FAMILY = "1,2";
				TEST_TARGET_NAME = DSPokemonExample;
			};
			name = Release;
		};
/* End XCBuildConfiguration section */

/* Begin XCConfigurationList section */
		6EFB40262B7E9D88006206F0 /* Build configuration list for PBXProject "DSPokemonExample" */ = {
			isa = XCConfigurationList;
			buildConfigurations = (
				6EFB404E2B7E9D8A006206F0 /* Debug */,
				6EFB404F2B7E9D8A006206F0 /* Release */,
			);
			defaultConfigurationIsVisible = 0;
			defaultConfigurationName = Release;
		};
		6EFB40502B7E9D8A006206F0 /* Build configuration list for PBXNativeTarget "DSPokemonExample" */ = {
			isa = XCConfigurationList;
			buildConfigurations = (
				6EFB40512B7E9D8A006206F0 /* Debug */,
				6EFB40522B7E9D8A006206F0 /* Release */,
			);
			defaultConfigurationIsVisible = 0;
			defaultConfigurationName = Release;
		};
		6EFB40532B7E9D8A006206F0 /* Build configuration list for PBXNativeTarget "DSPokemonExampleTests" */ = {
			isa = XCConfigurationList;
			buildConfigurations = (
				6EFB40542B7E9D8A006206F0 /* Debug */,
				6EFB40552B7E9D8A006206F0 /* Release */,
			);
			defaultConfigurationIsVisible = 0;
			defaultConfigurationName = Release;
		};
		6EFB40562B7E9D8A006206F0 /* Build configuration list for PBXNativeTarget "DSPokemonExampleUITests" */ = {
			isa = XCConfigurationList;
			buildConfigurations = (
				6EFB40572B7E9D8A006206F0 /* Debug */,
				6EFB40582B7E9D8A006206F0 /* Release */,
			);
			defaultConfigurationIsVisible = 0;
			defaultConfigurationName = Release;
		};
/* End XCConfigurationList section */

/* Begin XCSwiftPackageProductDependency section */
		6E30096C2B7EA05B002648B8 /* DSPokemon */ = {
			isa = XCSwiftPackageProductDependency;
			productName = DSPokemon;
		};
/* End XCSwiftPackageProductDependency section */
	};
	rootObject = 6EFB40232B7E9D88006206F0 /* Project object */;
}
