// !$*UTF8*$!
{
	archiveVersion = 1;
	classes = {
	};
	objectVersion = 56;
	objects = {

/* Begin PBXBuildFile section */
		6EB84D922B7A9F78001CE127 /* DSPokemonExampleApp.swift in Sources */ = {isa = PBXBuildFile; fileRef = 6EB84D912B7A9F78001CE127 /* DSPokemonExampleApp.swift */; };
		6EB84D942B7A9F78001CE127 /* ContentView.swift in Sources */ = {isa = PBXBuildFile; fileRef = 6EB84D932B7A9F78001CE127 /* ContentView.swift */; };
		6EB84D962B7A9F7B001CE127 /* Assets.xcassets in Resources */ = {isa = PBXBuildFile; fileRef = 6EB84D952B7A9F7B001CE127 /* Assets.xcassets */; };
		6EB84D9A2B7A9F7B001CE127 /* Preview Assets.xcassets in Resources */ = {isa = PBXBuildFile; fileRef = 6EB84D992B7A9F7B001CE127 /* Preview Assets.xcassets */; };
		6EB84DA42B7A9F7B001CE127 /* DSPokemonExampleTests.swift in Sources */ = {isa = PBXBuildFile; fileRef = 6EB84DA32B7A9F7B001CE127 /* DSPokemonExampleTests.swift */; };
		6EB84DAE2B7A9F7B001CE127 /* DSPokemonExampleUITests.swift in Sources */ = {isa = PBXBuildFile; fileRef = 6EB84DAD2B7A9F7B001CE127 /* DSPokemonExampleUITests.swift */; };
		6EB84DB02B7A9F7B001CE127 /* DSPokemonExampleUITestsLaunchTests.swift in Sources */ = {isa = PBXBuildFile; fileRef = 6EB84DAF2B7A9F7B001CE127 /* DSPokemonExampleUITestsLaunchTests.swift */; };
/* End PBXBuildFile section */

/* Begin PBXContainerItemProxy section */
		6EB84DA02B7A9F7B001CE127 /* PBXContainerItemProxy */ = {
			isa = PBXContainerItemProxy;
			containerPortal = 6EB84D862B7A9F78001CE127 /* Project object */;
			proxyType = 1;
			remoteGlobalIDString = 6EB84D8D2B7A9F78001CE127;
			remoteInfo = DSPokemonExample;
		};
		6EB84DAA2B7A9F7B001CE127 /* PBXContainerItemProxy */ = {
			isa = PBXContainerItemProxy;
			containerPortal = 6EB84D862B7A9F78001CE127 /* Project object */;
			proxyType = 1;
			remoteGlobalIDString = 6EB84D8D2B7A9F78001CE127;
			remoteInfo = DSPokemonExample;
		};
/* End PBXContainerItemProxy section */

/* Begin PBXFileReference section */
		6EB84D8E2B7A9F78001CE127 /* DSPokemonExample.app */ = {isa = PBXFileReference; explicitFileType = wrapper.application; includeInIndex = 0; path = DSPokemonExample.app; sourceTree = BUILT_PRODUCTS_DIR; };
		6EB84D912B7A9F78001CE127 /* DSPokemonExampleApp.swift */ = {isa = PBXFileReference; lastKnownFileType = sourcecode.swift; path = DSPokemonExampleApp.swift; sourceTree = "<group>"; };
		6EB84D932B7A9F78001CE127 /* ContentView.swift */ = {isa = PBXFileReference; lastKnownFileType = sourcecode.swift; path = ContentView.swift; sourceTree = "<group>"; };
		6EB84D952B7A9F7B001CE127 /* Assets.xcassets */ = {isa = PBXFileReference; lastKnownFileType = folder.assetcatalog; path = Assets.xcassets; sourceTree = "<group>"; };
		6EB84D972B7A9F7B001CE127 /* DSPokemonExample.entitlements */ = {isa = PBXFileReference; lastKnownFileType = text.plist.entitlements; path = DSPokemonExample.entitlements; sourceTree = "<group>"; };
		6EB84D992B7A9F7B001CE127 /* Preview Assets.xcassets */ = {isa = PBXFileReference; lastKnownFileType = folder.assetcatalog; path = "Preview Assets.xcassets"; sourceTree = "<group>"; };
		6EB84D9F2B7A9F7B001CE127 /* DSPokemonExampleTests.xctest */ = {isa = PBXFileReference; explicitFileType = wrapper.cfbundle; includeInIndex = 0; path = DSPokemonExampleTests.xctest; sourceTree = BUILT_PRODUCTS_DIR; };
		6EB84DA32B7A9F7B001CE127 /* DSPokemonExampleTests.swift */ = {isa = PBXFileReference; lastKnownFileType = sourcecode.swift; path = DSPokemonExampleTests.swift; sourceTree = "<group>"; };
		6EB84DA92B7A9F7B001CE127 /* DSPokemonExampleUITests.xctest */ = {isa = PBXFileReference; explicitFileType = wrapper.cfbundle; includeInIndex = 0; path = DSPokemonExampleUITests.xctest; sourceTree = BUILT_PRODUCTS_DIR; };
		6EB84DAD2B7A9F7B001CE127 /* DSPokemonExampleUITests.swift */ = {isa = PBXFileReference; lastKnownFileType = sourcecode.swift; path = DSPokemonExampleUITests.swift; sourceTree = "<group>"; };
		6EB84DAF2B7A9F7B001CE127 /* DSPokemonExampleUITestsLaunchTests.swift */ = {isa = PBXFileReference; lastKnownFileType = sourcecode.swift; path = DSPokemonExampleUITestsLaunchTests.swift; sourceTree = "<group>"; };
/* End PBXFileReference section */

/* Begin PBXFrameworksBuildPhase section */
		6EB84D8B2B7A9F78001CE127 /* Frameworks */ = {
			isa = PBXFrameworksBuildPhase;
			buildActionMask = 2147483647;
			files = (
			);
			runOnlyForDeploymentPostprocessing = 0;
		};
		6EB84D9C2B7A9F7B001CE127 /* Frameworks */ = {
			isa = PBXFrameworksBuildPhase;
			buildActionMask = 2147483647;
			files = (
			);
			runOnlyForDeploymentPostprocessing = 0;
		};
		6EB84DA62B7A9F7B001CE127 /* Frameworks */ = {
			isa = PBXFrameworksBuildPhase;
			buildActionMask = 2147483647;
			files = (
			);
			runOnlyForDeploymentPostprocessing = 0;
		};
/* End PBXFrameworksBuildPhase section */

/* Begin PBXGroup section */
		6EB84D852B7A9F78001CE127 = {
			isa = PBXGroup;
			children = (
				6EB84D902B7A9F78001CE127 /* DSPokemonExample */,
				6EB84DA22B7A9F7B001CE127 /* DSPokemonExampleTests */,
				6EB84DAC2B7A9F7B001CE127 /* DSPokemonExampleUITests */,
				6EB84D8F2B7A9F78001CE127 /* Products */,
			);
			sourceTree = "<group>";
		};
		6EB84D8F2B7A9F78001CE127 /* Products */ = {
			isa = PBXGroup;
			children = (
				6EB84D8E2B7A9F78001CE127 /* DSPokemonExample.app */,
				6EB84D9F2B7A9F7B001CE127 /* DSPokemonExampleTests.xctest */,
				6EB84DA92B7A9F7B001CE127 /* DSPokemonExampleUITests.xctest */,
			);
			name = Products;
			sourceTree = "<group>";
		};
		6EB84D902B7A9F78001CE127 /* DSPokemonExample */ = {
			isa = PBXGroup;
			children = (
				6EB84D912B7A9F78001CE127 /* DSPokemonExampleApp.swift */,
				6EB84D932B7A9F78001CE127 /* ContentView.swift */,
				6EB84D952B7A9F7B001CE127 /* Assets.xcassets */,
				6EB84D972B7A9F7B001CE127 /* DSPokemonExample.entitlements */,
				6EB84D982B7A9F7B001CE127 /* Preview Content */,
			);
			path = DSPokemonExample;
			sourceTree = "<group>";
		};
		6EB84D982B7A9F7B001CE127 /* Preview Content */ = {
			isa = PBXGroup;
			children = (
				6EB84D992B7A9F7B001CE127 /* Preview Assets.xcassets */,
			);
			path = "Preview Content";
			sourceTree = "<group>";
		};
		6EB84DA22B7A9F7B001CE127 /* DSPokemonExampleTests */ = {
			isa = PBXGroup;
			children = (
				6EB84DA32B7A9F7B001CE127 /* DSPokemonExampleTests.swift */,
			);
			path = DSPokemonExampleTests;
			sourceTree = "<group>";
		};
		6EB84DAC2B7A9F7B001CE127 /* DSPokemonExampleUITests */ = {
			isa = PBXGroup;
			children = (
				6EB84DAD2B7A9F7B001CE127 /* DSPokemonExampleUITests.swift */,
				6EB84DAF2B7A9F7B001CE127 /* DSPokemonExampleUITestsLaunchTests.swift */,
			);
			path = DSPokemonExampleUITests;
			sourceTree = "<group>";
		};
/* End PBXGroup section */

/* Begin PBXNativeTarget section */
		6EB84D8D2B7A9F78001CE127 /* DSPokemonExample */ = {
			isa = PBXNativeTarget;
			buildConfigurationList = 6EB84DB32B7A9F7B001CE127 /* Build configuration list for PBXNativeTarget "DSPokemonExample" */;
			buildPhases = (
				6EB84D8A2B7A9F78001CE127 /* Sources */,
				6EB84D8B2B7A9F78001CE127 /* Frameworks */,
				6EB84D8C2B7A9F78001CE127 /* Resources */,
			);
			buildRules = (
			);
			dependencies = (
			);
			name = DSPokemonExample;
			productName = DSPokemonExample;
			productReference = 6EB84D8E2B7A9F78001CE127 /* DSPokemonExample.app */;
			productType = "com.apple.product-type.application";
		};
		6EB84D9E2B7A9F7B001CE127 /* DSPokemonExampleTests */ = {
			isa = PBXNativeTarget;
			buildConfigurationList = 6EB84DB62B7A9F7B001CE127 /* Build configuration list for PBXNativeTarget "DSPokemonExampleTests" */;
			buildPhases = (
				6EB84D9B2B7A9F7B001CE127 /* Sources */,
				6EB84D9C2B7A9F7B001CE127 /* Frameworks */,
				6EB84D9D2B7A9F7B001CE127 /* Resources */,
			);
			buildRules = (
			);
			dependencies = (
				6EB84DA12B7A9F7B001CE127 /* PBXTargetDependency */,
			);
			name = DSPokemonExampleTests;
			productName = DSPokemonExampleTests;
			productReference = 6EB84D9F2B7A9F7B001CE127 /* DSPokemonExampleTests.xctest */;
			productType = "com.apple.product-type.bundle.unit-test";
		};
		6EB84DA82B7A9F7B001CE127 /* DSPokemonExampleUITests */ = {
			isa = PBXNativeTarget;
			buildConfigurationList = 6EB84DB92B7A9F7B001CE127 /* Build configuration list for PBXNativeTarget "DSPokemonExampleUITests" */;
			buildPhases = (
				6EB84DA52B7A9F7B001CE127 /* Sources */,
				6EB84DA62B7A9F7B001CE127 /* Frameworks */,
				6EB84DA72B7A9F7B001CE127 /* Resources */,
			);
			buildRules = (
			);
			dependencies = (
				6EB84DAB2B7A9F7B001CE127 /* PBXTargetDependency */,
			);
			name = DSPokemonExampleUITests;
			productName = DSPokemonExampleUITests;
			productReference = 6EB84DA92B7A9F7B001CE127 /* DSPokemonExampleUITests.xctest */;
			productType = "com.apple.product-type.bundle.ui-testing";
		};
/* End PBXNativeTarget section */

/* Begin PBXProject section */
		6EB84D862B7A9F78001CE127 /* Project object */ = {
			isa = PBXProject;
			attributes = {
				BuildIndependentTargetsInParallel = 1;
				LastSwiftUpdateCheck = 1520;
				LastUpgradeCheck = 1520;
				TargetAttributes = {
					6EB84D8D2B7A9F78001CE127 = {
						CreatedOnToolsVersion = 15.2;
					};
					6EB84D9E2B7A9F7B001CE127 = {
						CreatedOnToolsVersion = 15.2;
						TestTargetID = 6EB84D8D2B7A9F78001CE127;
					};
					6EB84DA82B7A9F7B001CE127 = {
						CreatedOnToolsVersion = 15.2;
						TestTargetID = 6EB84D8D2B7A9F78001CE127;
					};
				};
			};
			buildConfigurationList = 6EB84D892B7A9F78001CE127 /* Build configuration list for PBXProject "DSPokemonExample" */;
			compatibilityVersion = "Xcode 14.0";
			developmentRegion = en;
			hasScannedForEncodings = 0;
			knownRegions = (
				en,
				Base,
			);
			mainGroup = 6EB84D852B7A9F78001CE127;
			productRefGroup = 6EB84D8F2B7A9F78001CE127 /* Products */;
			projectDirPath = "";
			projectRoot = "";
			targets = (
				6EB84D8D2B7A9F78001CE127 /* DSPokemonExample */,
				6EB84D9E2B7A9F7B001CE127 /* DSPokemonExampleTests */,
				6EB84DA82B7A9F7B001CE127 /* DSPokemonExampleUITests */,
			);
		};
/* End PBXProject section */

/* Begin PBXResourcesBuildPhase section */
		6EB84D8C2B7A9F78001CE127 /* Resources */ = {
			isa = PBXResourcesBuildPhase;
			buildActionMask = 2147483647;
			files = (
				6EB84D9A2B7A9F7B001CE127 /* Preview Assets.xcassets in Resources */,
				6EB84D962B7A9F7B001CE127 /* Assets.xcassets in Resources */,
			);
			runOnlyForDeploymentPostprocessing = 0;
		};
		6EB84D9D2B7A9F7B001CE127 /* Resources */ = {
			isa = PBXResourcesBuildPhase;
			buildActionMask = 2147483647;
			files = (
			);
			runOnlyForDeploymentPostprocessing = 0;
		};
		6EB84DA72B7A9F7B001CE127 /* Resources */ = {
			isa = PBXResourcesBuildPhase;
			buildActionMask = 2147483647;
			files = (
			);
			runOnlyForDeploymentPostprocessing = 0;
		};
/* End PBXResourcesBuildPhase section */

/* Begin PBXSourcesBuildPhase section */
		6EB84D8A2B7A9F78001CE127 /* Sources */ = {
			isa = PBXSourcesBuildPhase;
			buildActionMask = 2147483647;
			files = (
				6EB84D942B7A9F78001CE127 /* ContentView.swift in Sources */,
				6EB84D922B7A9F78001CE127 /* DSPokemonExampleApp.swift in Sources */,
			);
			runOnlyForDeploymentPostprocessing = 0;
		};
		6EB84D9B2B7A9F7B001CE127 /* Sources */ = {
			isa = PBXSourcesBuildPhase;
			buildActionMask = 2147483647;
			files = (
				6EB84DA42B7A9F7B001CE127 /* DSPokemonExampleTests.swift in Sources */,
			);
			runOnlyForDeploymentPostprocessing = 0;
		};
		6EB84DA52B7A9F7B001CE127 /* Sources */ = {
			isa = PBXSourcesBuildPhase;
			buildActionMask = 2147483647;
			files = (
				6EB84DB02B7A9F7B001CE127 /* DSPokemonExampleUITestsLaunchTests.swift in Sources */,
				6EB84DAE2B7A9F7B001CE127 /* DSPokemonExampleUITests.swift in Sources */,
			);
			runOnlyForDeploymentPostprocessing = 0;
		};
/* End PBXSourcesBuildPhase section */

/* Begin PBXTargetDependency section */
		6EB84DA12B7A9F7B001CE127 /* PBXTargetDependency */ = {
			isa = PBXTargetDependency;
			target = 6EB84D8D2B7A9F78001CE127 /* DSPokemonExample */;
			targetProxy = 6EB84DA02B7A9F7B001CE127 /* PBXContainerItemProxy */;
		};
		6EB84DAB2B7A9F7B001CE127 /* PBXTargetDependency */ = {
			isa = PBXTargetDependency;
			target = 6EB84D8D2B7A9F78001CE127 /* DSPokemonExample */;
			targetProxy = 6EB84DAA2B7A9F7B001CE127 /* PBXContainerItemProxy */;
		};
/* End PBXTargetDependency section */

/* Begin XCBuildConfiguration section */
		6EB84DB12B7A9F7B001CE127 /* Debug */ = {
			isa = XCBuildConfiguration;
			buildSettings = {
				ALWAYS_SEARCH_USER_PATHS = NO;
				ASSETCATALOG_COMPILER_GENERATE_SWIFT_ASSET_SYMBOL_EXTENSIONS = YES;
				CLANG_ANALYZER_NONNULL = YES;
				CLANG_ANALYZER_NUMBER_OBJECT_CONVERSION = YES_AGGRESSIVE;
				CLANG_CXX_LANGUAGE_STANDARD = "gnu++20";
				CLANG_ENABLE_MODULES = YES;
				CLANG_ENABLE_OBJC_ARC = YES;
				CLANG_ENABLE_OBJC_WEAK = YES;
				CLANG_WARN_BLOCK_CAPTURE_AUTORELEASING = YES;
				CLANG_WARN_BOOL_CONVERSION = YES;
				CLANG_WARN_COMMA = YES;
				CLANG_WARN_CONSTANT_CONVERSION = YES;
				CLANG_WARN_DEPRECATED_OBJC_IMPLEMENTATIONS = YES;
				CLANG_WARN_DIRECT_OBJC_ISA_USAGE = YES_ERROR;
				CLANG_WARN_DOCUMENTATION_COMMENTS = YES;
				CLANG_WARN_EMPTY_BODY = YES;
				CLANG_WARN_ENUM_CONVERSION = YES;
				CLANG_WARN_INFINITE_RECURSION = YES;
				CLANG_WARN_INT_CONVERSION = YES;
				CLANG_WARN_NON_LITERAL_NULL_CONVERSION = YES;
				CLANG_WARN_OBJC_IMPLICIT_RETAIN_SELF = YES;
				CLANG_WARN_OBJC_LITERAL_CONVERSION = YES;
				CLANG_WARN_OBJC_ROOT_CLASS = YES_ERROR;
				CLANG_WARN_QUOTED_INCLUDE_IN_FRAMEWORK_HEADER = YES;
				CLANG_WARN_RANGE_LOOP_ANALYSIS = YES;
				CLANG_WARN_STRICT_PROTOTYPES = YES;
				CLANG_WARN_SUSPICIOUS_MOVE = YES;
				CLANG_WARN_UNGUARDED_AVAILABILITY = YES_AGGRESSIVE;
				CLANG_WARN_UNREACHABLE_CODE = YES;
				CLANG_WARN__DUPLICATE_METHOD_MATCH = YES;
				COPY_PHASE_STRIP = NO;
				DEBUG_INFORMATION_FORMAT = dwarf;
				ENABLE_STRICT_OBJC_MSGSEND = YES;
				ENABLE_TESTABILITY = YES;
				ENABLE_USER_SCRIPT_SANDBOXING = YES;
				GCC_C_LANGUAGE_STANDARD = gnu17;
				GCC_DYNAMIC_NO_PIC = NO;
				GCC_NO_COMMON_BLOCKS = YES;
				GCC_OPTIMIZATION_LEVEL = 0;
				GCC_PREPROCESSOR_DEFINITIONS = (
					"DEBUG=1",
					"$(inherited)",
				);
				GCC_WARN_64_TO_32_BIT_CONVERSION = YES;
				GCC_WARN_ABOUT_RETURN_TYPE = YES_ERROR;
				GCC_WARN_UNDECLARED_SELECTOR = YES;
				GCC_WARN_UNINITIALIZED_AUTOS = YES_AGGRESSIVE;
				GCC_WARN_UNUSED_FUNCTION = YES;
				GCC_WARN_UNUSED_VARIABLE = YES;
				LOCALIZATION_PREFERS_STRING_CATALOGS = YES;
				MTL_ENABLE_DEBUG_INFO = INCLUDE_SOURCE;
				MTL_FAST_MATH = YES;
				ONLY_ACTIVE_ARCH = YES;
				SWIFT_ACTIVE_COMPILATION_CONDITIONS = "DEBUG $(inherited)";
				SWIFT_OPTIMIZATION_LEVEL = "-Onone";
			};
			name = Debug;
		};
		6EB84DB22B7A9F7B001CE127 /* Release */ = {
			isa = XCBuildConfiguration;
			buildSettings = {
				ALWAYS_SEARCH_USER_PATHS = NO;
				ASSETCATALOG_COMPILER_GENERATE_SWIFT_ASSET_SYMBOL_EXTENSIONS = YES;
				CLANG_ANALYZER_NONNULL = YES;
				CLANG_ANALYZER_NUMBER_OBJECT_CONVERSION = YES_AGGRESSIVE;
				CLANG_CXX_LANGUAGE_STANDARD = "gnu++20";
				CLANG_ENABLE_MODULES = YES;
				CLANG_ENABLE_OBJC_ARC = YES;
				CLANG_ENABLE_OBJC_WEAK = YES;
				CLANG_WARN_BLOCK_CAPTURE_AUTORELEASING = YES;
				CLANG_WARN_BOOL_CONVERSION = YES;
				CLANG_WARN_COMMA = YES;
				CLANG_WARN_CONSTANT_CONVERSION = YES;
				CLANG_WARN_DEPRECATED_OBJC_IMPLEMENTATIONS = YES;
				CLANG_WARN_DIRECT_OBJC_ISA_USAGE = YES_ERROR;
				CLANG_WARN_DOCUMENTATION_COMMENTS = YES;
				CLANG_WARN_EMPTY_BODY = YES;
				CLANG_WARN_ENUM_CONVERSION = YES;
				CLANG_WARN_INFINITE_RECURSION = YES;
				CLANG_WARN_INT_CONVERSION = YES;
				CLANG_WARN_NON_LITERAL_NULL_CONVERSION = YES;
				CLANG_WARN_OBJC_IMPLICIT_RETAIN_SELF = YES;
				CLANG_WARN_OBJC_LITERAL_CONVERSION = YES;
				CLANG_WARN_OBJC_ROOT_CLASS = YES_ERROR;
				CLANG_WARN_QUOTED_INCLUDE_IN_FRAMEWORK_HEADER = YES;
				CLANG_WARN_RANGE_LOOP_ANALYSIS = YES;
				CLANG_WARN_STRICT_PROTOTYPES = YES;
				CLANG_WARN_SUSPICIOUS_MOVE = YES;
				CLANG_WARN_UNGUARDED_AVAILABILITY = YES_AGGRESSIVE;
				CLANG_WARN_UNREACHABLE_CODE = YES;
				CLANG_WARN__DUPLICATE_METHOD_MATCH = YES;
				COPY_PHASE_STRIP = NO;
				DEBUG_INFORMATION_FORMAT = "dwarf-with-dsym";
				ENABLE_NS_ASSERTIONS = NO;
				ENABLE_STRICT_OBJC_MSGSEND = YES;
				ENABLE_USER_SCRIPT_SANDBOXING = YES;
				GCC_C_LANGUAGE_STANDARD = gnu17;
				GCC_NO_COMMON_BLOCKS = YES;
				GCC_WARN_64_TO_32_BIT_CONVERSION = YES;
				GCC_WARN_ABOUT_RETURN_TYPE = YES_ERROR;
				GCC_WARN_UNDECLARED_SELECTOR = YES;
				GCC_WARN_UNINITIALIZED_AUTOS = YES_AGGRESSIVE;
				GCC_WARN_UNUSED_FUNCTION = YES;
				GCC_WARN_UNUSED_VARIABLE = YES;
				LOCALIZATION_PREFERS_STRING_CATALOGS = YES;
				MTL_ENABLE_DEBUG_INFO = NO;
				MTL_FAST_MATH = YES;
				SWIFT_COMPILATION_MODE = wholemodule;
			};
			name = Release;
		};
		6EB84DB42B7A9F7B001CE127 /* Debug */ = {
			isa = XCBuildConfiguration;
			buildSettings = {
				ASSETCATALOG_COMPILER_APPICON_NAME = AppIcon;
				ASSETCATALOG_COMPILER_GLOBAL_ACCENT_COLOR_NAME = AccentColor;
				CODE_SIGN_ENTITLEMENTS = DSPokemonExample/DSPokemonExample.entitlements;
				CODE_SIGN_STYLE = Automatic;
				CURRENT_PROJECT_VERSION = 1;
				DEVELOPMENT_ASSET_PATHS = "\"DSPokemonExample/Preview Content\"";
				DEVELOPMENT_TEAM = YXS85H2W5K;
				ENABLE_HARDENED_RUNTIME = YES;
				ENABLE_PREVIEWS = YES;
				GENERATE_INFOPLIST_FILE = YES;
				"INFOPLIST_KEY_UIApplicationSceneManifest_Generation[sdk=iphoneos*]" = YES;
				"INFOPLIST_KEY_UIApplicationSceneManifest_Generation[sdk=iphonesimulator*]" = YES;
				"INFOPLIST_KEY_UIApplicationSupportsIndirectInputEvents[sdk=iphoneos*]" = YES;
				"INFOPLIST_KEY_UIApplicationSupportsIndirectInputEvents[sdk=iphonesimulator*]" = YES;
				"INFOPLIST_KEY_UILaunchScreen_Generation[sdk=iphoneos*]" = YES;
				"INFOPLIST_KEY_UILaunchScreen_Generation[sdk=iphonesimulator*]" = YES;
				"INFOPLIST_KEY_UIStatusBarStyle[sdk=iphoneos*]" = UIStatusBarStyleDefault;
				"INFOPLIST_KEY_UIStatusBarStyle[sdk=iphonesimulator*]" = UIStatusBarStyleDefault;
				INFOPLIST_KEY_UISupportedInterfaceOrientations_iPad = "UIInterfaceOrientationPortrait UIInterfaceOrientationPortraitUpsideDown UIInterfaceOrientationLandscapeLeft UIInterfaceOrientationLandscapeRight";
				INFOPLIST_KEY_UISupportedInterfaceOrientations_iPhone = "UIInterfaceOrientationPortrait UIInterfaceOrientationLandscapeLeft UIInterfaceOrientationLandscapeRight";
				IPHONEOS_DEPLOYMENT_TARGET = 17.2;
				LD_RUNPATH_SEARCH_PATHS = "@executable_path/Frameworks";
				"LD_RUNPATH_SEARCH_PATHS[sdk=macosx*]" = "@executable_path/../Frameworks";
				MACOSX_DEPLOYMENT_TARGET = 14.2;
				MARKETING_VERSION = 1.0;
				PRODUCT_BUNDLE_IDENTIFIER = com.luisgustavo.DSPokemonExample;
				PRODUCT_NAME = "$(TARGET_NAME)";
				SDKROOT = auto;
				SUPPORTED_PLATFORMS = "appletvos appletvsimulator iphoneos iphonesimulator macosx xros xrsimulator";
				SUPPORTS_MACCATALYST = NO;
				SWIFT_EMIT_LOC_STRINGS = YES;
				SWIFT_VERSION = 5.0;
				TARGETED_DEVICE_FAMILY = "1,2,3,7";
			};
			name = Debug;
		};
		6EB84DB52B7A9F7B001CE127 /* Release */ = {
			isa = XCBuildConfiguration;
			buildSettings = {
				ASSETCATALOG_COMPILER_APPICON_NAME = AppIcon;
				ASSETCATALOG_COMPILER_GLOBAL_ACCENT_COLOR_NAME = AccentColor;
				CODE_SIGN_ENTITLEMENTS = DSPokemonExample/DSPokemonExample.entitlements;
				CODE_SIGN_STYLE = Automatic;
				CURRENT_PROJECT_VERSION = 1;
				DEVELOPMENT_ASSET_PATHS = "\"DSPokemonExample/Preview Content\"";
				DEVELOPMENT_TEAM = YXS85H2W5K;
				ENABLE_HARDENED_RUNTIME = YES;
				ENABLE_PREVIEWS = YES;
				GENERATE_INFOPLIST_FILE = YES;
				"INFOPLIST_KEY_UIApplicationSceneManifest_Generation[sdk=iphoneos*]" = YES;
				"INFOPLIST_KEY_UIApplicationSceneManifest_Generation[sdk=iphonesimulator*]" = YES;
				"INFOPLIST_KEY_UIApplicationSupportsIndirectInputEvents[sdk=iphoneos*]" = YES;
				"INFOPLIST_KEY_UIApplicationSupportsIndirectInputEvents[sdk=iphonesimulator*]" = YES;
				"INFOPLIST_KEY_UILaunchScreen_Generation[sdk=iphoneos*]" = YES;
				"INFOPLIST_KEY_UILaunchScreen_Generation[sdk=iphonesimulator*]" = YES;
				"INFOPLIST_KEY_UIStatusBarStyle[sdk=iphoneos*]" = UIStatusBarStyleDefault;
				"INFOPLIST_KEY_UIStatusBarStyle[sdk=iphonesimulator*]" = UIStatusBarStyleDefault;
				INFOPLIST_KEY_UISupportedInterfaceOrientations_iPad = "UIInterfaceOrientationPortrait UIInterfaceOrientationPortraitUpsideDown UIInterfaceOrientationLandscapeLeft UIInterfaceOrientationLandscapeRight";
				INFOPLIST_KEY_UISupportedInterfaceOrientations_iPhone = "UIInterfaceOrientationPortrait UIInterfaceOrientationLandscapeLeft UIInterfaceOrientationLandscapeRight";
				IPHONEOS_DEPLOYMENT_TARGET = 17.2;
				LD_RUNPATH_SEARCH_PATHS = "@executable_path/Frameworks";
				"LD_RUNPATH_SEARCH_PATHS[sdk=macosx*]" = "@executable_path/../Frameworks";
				MACOSX_DEPLOYMENT_TARGET = 14.2;
				MARKETING_VERSION = 1.0;
				PRODUCT_BUNDLE_IDENTIFIER = com.luisgustavo.DSPokemonExample;
				PRODUCT_NAME = "$(TARGET_NAME)";
				SDKROOT = auto;
				SUPPORTED_PLATFORMS = "appletvos appletvsimulator iphoneos iphonesimulator macosx xros xrsimulator";
				SUPPORTS_MACCATALYST = NO;
				SWIFT_EMIT_LOC_STRINGS = YES;
				SWIFT_VERSION = 5.0;
				TARGETED_DEVICE_FAMILY = "1,2,3,7";
			};
			name = Release;
		};
		6EB84DB72B7A9F7B001CE127 /* Debug */ = {
			isa = XCBuildConfiguration;
			buildSettings = {
				ALWAYS_EMBED_SWIFT_STANDARD_LIBRARIES = YES;
				BUNDLE_LOADER = "$(TEST_HOST)";
				CODE_SIGN_STYLE = Automatic;
				CURRENT_PROJECT_VERSION = 1;
				DEVELOPMENT_TEAM = YXS85H2W5K;
				GENERATE_INFOPLIST_FILE = YES;
				IPHONEOS_DEPLOYMENT_TARGET = 17.2;
				MACOSX_DEPLOYMENT_TARGET = 14.2;
				MARKETING_VERSION = 1.0;
				PRODUCT_BUNDLE_IDENTIFIER = com.luisgustavo.DSPokemonExampleTests;
				PRODUCT_NAME = "$(TARGET_NAME)";
				SDKROOT = auto;
				SUPPORTED_PLATFORMS = "appletvos appletvsimulator iphoneos iphonesimulator macosx watchos watchsimulator xros xrsimulator";
				SUPPORTS_MACCATALYST = NO;
				SWIFT_EMIT_LOC_STRINGS = NO;
				SWIFT_VERSION = 5.0;
				TARGETED_DEVICE_FAMILY = "1,2,3,4,7";
				TEST_HOST = "$(BUILT_PRODUCTS_DIR)/DSPokemonExample.app/$(BUNDLE_EXECUTABLE_FOLDER_PATH)/DSPokemonExample";
			};
			name = Debug;
		};
		6EB84DB82B7A9F7B001CE127 /* Release */ = {
			isa = XCBuildConfiguration;
			buildSettings = {
				ALWAYS_EMBED_SWIFT_STANDARD_LIBRARIES = YES;
				BUNDLE_LOADER = "$(TEST_HOST)";
				CODE_SIGN_STYLE = Automatic;
				CURRENT_PROJECT_VERSION = 1;
				DEVELOPMENT_TEAM = YXS85H2W5K;
				GENERATE_INFOPLIST_FILE = YES;
				IPHONEOS_DEPLOYMENT_TARGET = 17.2;
				MACOSX_DEPLOYMENT_TARGET = 14.2;
				MARKETING_VERSION = 1.0;
				PRODUCT_BUNDLE_IDENTIFIER = com.luisgustavo.DSPokemonExampleTests;
				PRODUCT_NAME = "$(TARGET_NAME)";
				SDKROOT = auto;
				SUPPORTED_PLATFORMS = "appletvos appletvsimulator iphoneos iphonesimulator macosx watchos watchsimulator xros xrsimulator";
				SUPPORTS_MACCATALYST = NO;
				SWIFT_EMIT_LOC_STRINGS = NO;
				SWIFT_VERSION = 5.0;
				TARGETED_DEVICE_FAMILY = "1,2,3,4,7";
				TEST_HOST = "$(BUILT_PRODUCTS_DIR)/DSPokemonExample.app/$(BUNDLE_EXECUTABLE_FOLDER_PATH)/DSPokemonExample";
			};
			name = Release;
		};
		6EB84DBA2B7A9F7B001CE127 /* Debug */ = {
			isa = XCBuildConfiguration;
			buildSettings = {
				ALWAYS_EMBED_SWIFT_STANDARD_LIBRARIES = YES;
				CODE_SIGN_STYLE = Automatic;
				CURRENT_PROJECT_VERSION = 1;
				DEVELOPMENT_TEAM = YXS85H2W5K;
				GENERATE_INFOPLIST_FILE = YES;
				IPHONEOS_DEPLOYMENT_TARGET = 17.2;
				MACOSX_DEPLOYMENT_TARGET = 14.2;
				MARKETING_VERSION = 1.0;
				PRODUCT_BUNDLE_IDENTIFIER = com.luisgustavo.DSPokemonExampleUITests;
				PRODUCT_NAME = "$(TARGET_NAME)";
				SDKROOT = auto;
				SUPPORTED_PLATFORMS = "iphoneos iphonesimulator macosx";
				SWIFT_EMIT_LOC_STRINGS = NO;
				SWIFT_VERSION = 5.0;
				TARGETED_DEVICE_FAMILY = "1,2";
				TEST_TARGET_NAME = DSPokemonExample;
			};
			name = Debug;
		};
		6EB84DBB2B7A9F7B001CE127 /* Release */ = {
			isa = XCBuildConfiguration;
			buildSettings = {
				ALWAYS_EMBED_SWIFT_STANDARD_LIBRARIES = YES;
				CODE_SIGN_STYLE = Automatic;
				CURRENT_PROJECT_VERSION = 1;
				DEVELOPMENT_TEAM = YXS85H2W5K;
				GENERATE_INFOPLIST_FILE = YES;
				IPHONEOS_DEPLOYMENT_TARGET = 17.2;
				MACOSX_DEPLOYMENT_TARGET = 14.2;
				MARKETING_VERSION = 1.0;
				PRODUCT_BUNDLE_IDENTIFIER = com.luisgustavo.DSPokemonExampleUITests;
				PRODUCT_NAME = "$(TARGET_NAME)";
				SDKROOT = auto;
				SUPPORTED_PLATFORMS = "iphoneos iphonesimulator macosx";
				SWIFT_EMIT_LOC_STRINGS = NO;
				SWIFT_VERSION = 5.0;
				TARGETED_DEVICE_FAMILY = "1,2";
				TEST_TARGET_NAME = DSPokemonExample;
			};
			name = Release;
		};
/* End XCBuildConfiguration section */

/* Begin XCConfigurationList section */
		6EB84D892B7A9F78001CE127 /* Build configuration list for PBXProject "DSPokemonExample" */ = {
			isa = XCConfigurationList;
			buildConfigurations = (
				6EB84DB12B7A9F7B001CE127 /* Debug */,
				6EB84DB22B7A9F7B001CE127 /* Release */,
			);
			defaultConfigurationIsVisible = 0;
			defaultConfigurationName = Release;
		};
		6EB84DB32B7A9F7B001CE127 /* Build configuration list for PBXNativeTarget "DSPokemonExample" */ = {
			isa = XCConfigurationList;
			buildConfigurations = (
				6EB84DB42B7A9F7B001CE127 /* Debug */,
				6EB84DB52B7A9F7B001CE127 /* Release */,
			);
			defaultConfigurationIsVisible = 0;
			defaultConfigurationName = Release;
		};
		6EB84DB62B7A9F7B001CE127 /* Build configuration list for PBXNativeTarget "DSPokemonExampleTests" */ = {
			isa = XCConfigurationList;
			buildConfigurations = (
				6EB84DB72B7A9F7B001CE127 /* Debug */,
				6EB84DB82B7A9F7B001CE127 /* Release */,
			);
			defaultConfigurationIsVisible = 0;
			defaultConfigurationName = Release;
		};
		6EB84DB92B7A9F7B001CE127 /* Build configuration list for PBXNativeTarget "DSPokemonExampleUITests" */ = {
			isa = XCConfigurationList;
			buildConfigurations = (
				6EB84DBA2B7A9F7B001CE127 /* Debug */,
				6EB84DBB2B7A9F7B001CE127 /* Release */,
			);
			defaultConfigurationIsVisible = 0;
			defaultConfigurationName = Release;
		};
/* End XCConfigurationList section */
	};
	rootObject = 6EB84D862B7A9F78001CE127 /* Project object */;
}
